
Microsoft Visual Studio Solution File, Format Version 12.00
# Visual Studio Version 17
VisualStudioVersion = 17.3.32922.545
MinimumVisualStudioVersion = 10.0.40219.1
Project("{FAE04EC0-301F-11D3-BF4B-00C04F79EFBC}") = "MCMS", "MCMS\MCMS.csproj", "{7DCDC190-113B-4EA2-B6C9-95590A372012}"
EndProject
Global
	GlobalSection(SolutionConfigurationPlatforms) = preSolution
		Debug|Any CPU = Debug|Any CPU
		Release|Any CPU = Release|Any CPU
	EndGlobalSection
	GlobalSection(ProjectConfigurationPlatforms) = postSolution
		{7DCDC190-113B-4EA2-B6C9-95590A372012}.Debug|Any CPU.ActiveCfg = Debug|Any CPU
		{7DCDC190-113B-4EA2-B6C9-95590A372012}.Debug|Any CPU.Build.0 = Debug|Any CPU
		{7DCDC190-113B-4EA2-B6C9-95590A372012}.Release|Any CPU.ActiveCfg = Release|Any CPU
		{7DCDC190-113B-4EA2-B6C9-95590A372012}.Release|Any CPU.Build.0 = Release|Any CPU
	EndGlobalSection
	GlobalSection(SolutionProperties) = preSolution
		HideSolutionNode = FALSE
	EndGlobalSection
	GlobalSection(ExtensibilityGlobals) = postSolution
		SolutionGuid = {1BF01F6C-4689-4871-B068-259454CB1F8A}
	EndGlobalSection
EndGlobal
